PODS:
  - Alamofire (4.7.2)
  - IQKeyboardManagerSwift (6.0.2)
  - SwiftyJSON (4.1.0)

DEPENDENCIES:
  - Alamofire
  - IQKeyboardManagerSwift
  - SwiftyJSON

SPEC REPOS:
  https://github.com/CocoaPods/Specs.git:
    - Alamofire
    - IQKeyboardManagerSwift
    - SwiftyJSON

SPEC CHECKSUMS:
  Alamofire: e4fa87002c137ba2d8d634d2c51fabcda0d5c223
  IQKeyboardManagerSwift: 59d4b0e140bc546c3c76ae5bb35b3dafd10b8172
  SwiftyJSON: c29297daf073d2aa016295d5809cdd68045c39b3

PODFILE CHECKSUM: dca1e0429830fcc3f1cc2e69c7292c9f8197de49

COCOAPODS: 1.5.0
